
Microsoft Visual Studio Solution File, Format Version 12.00
# Visual Studio Version 17
VisualStudioVersion = 17.2.32630.192
MinimumVisualStudioVersion = 10.0.40219.1
Project("{FAE04EC0-301F-11D3-BF4B-00C04F79EFBC}") = "Darwon", "Darwon\Darwon.csproj", "{3454802A-3A98-49B3-85AC-8236E40F2BC3}"
EndProject
Global
	GlobalSection(SolutionConfigurationPlatforms) = preSolution
		Debug|Any CPU = Debug|Any CPU
		Release|Any CPU = Release|Any CPU
	EndGlobalSection
	GlobalSection(ProjectConfigurationPlatforms) = postSolution
		{3454802A-3A98-49B3-85AC-8236E40F2BC3}.Debug|Any CPU.ActiveCfg = Debug|Any CPU
		{3454802A-3A98-49B3-85AC-8236E40F2BC3}.Debug|Any CPU.Build.0 = Debug|Any CPU
		{3454802A-3A98-49B3-85AC-8236E40F2BC3}.Release|Any CPU.ActiveCfg = Release|Any CPU
		{3454802A-3A98-49B3-85AC-8236E40F2BC3}.Release|Any CPU.Build.0 = Release|Any CPU
	EndGlobalSection
	GlobalSection(SolutionProperties) = preSolution
		HideSolutionNode = FALSE
	EndGlobalSection
	GlobalSection(ExtensibilityGlobals) = postSolution
		SolutionGuid = {06DDB2A0-BFCD-4B02-AE5F-A733ACC491FC}
	EndGlobalSection
EndGlobal
